
Microsoft Visual Studio Solution File, Format Version 12.00
# Visual Studio 2013
VisualStudioVersion = 12.0.30110.0
MinimumVisualStudioVersion = 10.0.40219.1
Project("{FAE04EC0-301F-11D3-BF4B-00C04F79EFBC}") = "Egp.Mda.Transformation.Core", "Egp.Mda.Transformation.Core\Egp.Mda.Transformation.Core.csproj", "{86C104F7-2F4D-46D0-B36D-0204C0E271E6}"
EndProject
Project("{FAE04EC0-301F-11D3-BF4B-00C04F79EFBC}") = "Egp.Mda.Transformation.App.Cli", "Egp.Mda.Transformation.App.Cli\Egp.Mda.Transformation.App.Cli.csproj", "{5EB4B5EE-35B8-4DD4-9F9D-F929ADFE647A}"
EndProject
Project("{FAE04EC0-301F-11D3-BF4B-00C04F79EFBC}") = "Egp.Mda.Transformation.Core.Specs", "Egp.Mda.Transformation.Core.Specs\Egp.Mda.Transformation.Core.Specs.csproj", "{DB4680ED-7FBF-4922-B73B-0700E5B57B38}"
EndProject
Project("{FAE04EC0-301F-11D3-BF4B-00C04F79EFBC}") = "Egp.Mda.Transformation.App.Cli.Specs", "Egp.Mda.Transformation.App.Cli.Specs\Egp.Mda.Transformation.App.Cli.Specs.csproj", "{2CB767CE-E29C-4C68-8FCC-4DFA58D95307}"
EndProject
Global
	GlobalSection(SolutionConfigurationPlatforms) = preSolution
		Debug|Any CPU = Debug|Any CPU
		Release|Any CPU = Release|Any CPU
	EndGlobalSection
	GlobalSection(ProjectConfigurationPlatforms) = postSolution
		{86C104F7-2F4D-46D0-B36D-0204C0E271E6}.Debug|Any CPU.ActiveCfg = Debug|Any CPU
		{86C104F7-2F4D-46D0-B36D-0204C0E271E6}.Debug|Any CPU.Build.0 = Debug|Any CPU
		{86C104F7-2F4D-46D0-B36D-0204C0E271E6}.Release|Any CPU.ActiveCfg = Release|Any CPU
		{86C104F7-2F4D-46D0-B36D-0204C0E271E6}.Release|Any CPU.Build.0 = Release|Any CPU
		{5EB4B5EE-35B8-4DD4-9F9D-F929ADFE647A}.Debug|Any CPU.ActiveCfg = Debug|Any CPU
		{5EB4B5EE-35B8-4DD4-9F9D-F929ADFE647A}.Debug|Any CPU.Build.0 = Debug|Any CPU
		{5EB4B5EE-35B8-4DD4-9F9D-F929ADFE647A}.Release|Any CPU.ActiveCfg = Release|Any CPU
		{5EB4B5EE-35B8-4DD4-9F9D-F929ADFE647A}.Release|Any CPU.Build.0 = Release|Any CPU
		{DB4680ED-7FBF-4922-B73B-0700E5B57B38}.Debug|Any CPU.ActiveCfg = Debug|Any CPU
		{DB4680ED-7FBF-4922-B73B-0700E5B57B38}.Debug|Any CPU.Build.0 = Debug|Any CPU
		{DB4680ED-7FBF-4922-B73B-0700E5B57B38}.Release|Any CPU.ActiveCfg = Release|Any CPU
		{DB4680ED-7FBF-4922-B73B-0700E5B57B38}.Release|Any CPU.Build.0 = Release|Any CPU
		{2CB767CE-E29C-4C68-8FCC-4DFA58D95307}.Debug|Any CPU.ActiveCfg = Debug|Any CPU
		{2CB767CE-E29C-4C68-8FCC-4DFA58D95307}.Debug|Any CPU.Build.0 = Debug|Any CPU
		{2CB767CE-E29C-4C68-8FCC-4DFA58D95307}.Release|Any CPU.ActiveCfg = Release|Any CPU
		{2CB767CE-E29C-4C68-8FCC-4DFA58D95307}.Release|Any CPU.Build.0 = Release|Any CPU
	EndGlobalSection
	GlobalSection(SolutionProperties) = preSolution
		HideSolutionNode = FALSE
	EndGlobalSection
EndGlobal
